
Microsoft Visual Studio Solution File, Format Version 12.00
# Visual Studio Version 17
VisualStudioVersion = 17.3.32922.545
MinimumVisualStudioVersion = 10.0.40219.1
Project("{FAE04EC0-301F-11D3-BF4B-00C04F79EFBC}") = "D.WebApp", "D.WebApp\D.WebApp.csproj", "{4BF90828-C17C-4DAD-BECC-6197EBC3DB8F}"
EndProject
Global
	GlobalSection(SolutionConfigurationPlatforms) = preSolution
		Debug|Any CPU = Debug|Any CPU
		Release|Any CPU = Release|Any CPU
	EndGlobalSection
	GlobalSection(ProjectConfigurationPlatforms) = postSolution
		{4BF90828-C17C-4DAD-BECC-6197EBC3DB8F}.Debug|Any CPU.ActiveCfg = Debug|Any CPU
		{4BF90828-C17C-4DAD-BECC-6197EBC3DB8F}.Debug|Any CPU.Build.0 = Debug|Any CPU
		{4BF90828-C17C-4DAD-BECC-6197EBC3DB8F}.Release|Any CPU.ActiveCfg = Release|Any CPU
		{4BF90828-C17C-4DAD-BECC-6197EBC3DB8F}.Release|Any CPU.Build.0 = Release|Any CPU
	EndGlobalSection
	GlobalSection(SolutionProperties) = preSolution
		HideSolutionNode = FALSE
	EndGlobalSection
	GlobalSection(ExtensibilityGlobals) = postSolution
		SolutionGuid = {7B196D0B-1C1A-41EE-9F58-E7D285BD4A9B}
	EndGlobalSection
EndGlobal
